Microsoft Visual Studio Solution File, Format Version 12.00
# Visual Studio Version 17
VisualStudioVersion = 17.5.2.0
MinimumVisualStudioVersion = 10.0.40219.1
Project("{FAE04EC0-301F-11D3-BF4B-00C04F79EFBC}") = "UserAuthLoginApi", "UserAuthLoginApi.csproj", "{383DCE84-295B-8911-510F-7B498ACB1A0F}"
EndProject
Global
	GlobalSection(SolutionConfigurationPlatforms) = preSolution
		Debug|Any CPU = Debug|Any CPU
		Release|Any CPU = Release|Any CPU
	EndGlobalSection
	GlobalSection(ProjectConfigurationPlatforms) = postSolution
		{383DCE84-295B-8911-510F-7B498ACB1A0F}.Debug|Any CPU.ActiveCfg = Debug|Any CPU
		{383DCE84-295B-8911-510F-7B498ACB1A0F}.Debug|Any CPU.Build.0 = Debug|Any CPU
		{383DCE84-295B-8911-510F-7B498ACB1A0F}.Release|Any CPU.ActiveCfg = Release|Any CPU
		{383DCE84-295B-8911-510F-7B498ACB1A0F}.Release|Any CPU.Build.0 = Release|Any CPU
	EndGlobalSection
	GlobalSection(SolutionProperties) = preSolution
		HideSolutionNode = FALSE
	EndGlobalSection
	GlobalSection(ExtensibilityGlobals) = postSolution
		SolutionGuid = {5E98DD66-21D3-4D61-AFD1-113CDDF20A0B}
	EndGlobalSection
EndGlobal
